// !$*UTF8*$!
{
	archiveVersion = 1;
	classes = {
	};
	objectVersion = 56;
	objects = {

/* Begin PBXBuildFile section */
		101771DC2C7C8E4B0038CA90 /* AppDelegate.swift in Sources */ = {isa = PBXBuildFile; fileRef = 101771DB2C7C8E4B0038CA90 /* AppDelegate.swift */; };
		101771DE2C7C8E4B0038CA90 /* SceneDelegate.swift in Sources */ = {isa = PBXBuildFile; fileRef = 101771DD2C7C8E4B0038CA90 /* SceneDelegate.swift */; };
		101771E02C7C8E4B0038CA90 /* ViewController.swift in Sources */ = {isa = PBXBuildFile; fileRef = 101771DF2C7C8E4B0038CA90 /* ViewController.swift */; };
		101771E32C7C8E4B0038CA90 /* Main.storyboard in Resources */ = {isa = PBXBuildFile; fileRef = 101771E12C7C8E4B0038CA90 /* Main.storyboard */; };
		101771E52C7C8E4C0038CA90 /* Assets.xcassets in Resources */ = {isa = PBXBuildFile; fileRef = 101771E42C7C8E4C0038CA90 /* Assets.xcassets */; };
		101771E82C7C8E4C0038CA90 /* LaunchScreen.storyboard in Resources */ = {isa = PBXBuildFile; fileRef = 101771E62C7C8E4C0038CA90 /* LaunchScreen.storyboard */; };
		101771F32C7C8E4C0038CA90 /* trendingMoviesTests.swift in Sources */ = {isa = PBXBuildFile; fileRef = 101771F22C7C8E4C0038CA90 /* trendingMoviesTests.swift */; };
		101771FD2C7C8E4C0038CA90 /* trendingMoviesUITests.swift in Sources */ = {isa = PBXBuildFile; fileRef = 101771FC2C7C8E4C0038CA90 /* trendingMoviesUITests.swift */; };
		101771FF2C7C8E4C0038CA90 /* trendingMoviesUITestsLaunchTests.swift in Sources */ = {isa = PBXBuildFile; fileRef = 101771FE2C7C8E4C0038CA90 /* trendingMoviesUITestsLaunchTests.swift */; };
/* End PBXBuildFile section */

/* Begin PBXContainerItemProxy section */
		101771EF2C7C8E4C0038CA90 /* PBXContainerItemProxy */ = {
			isa = PBXContainerItemProxy;
			containerPortal = 101771D02C7C8E4B0038CA90 /* Project object */;
			proxyType = 1;
			remoteGlobalIDString = 101771D72C7C8E4B0038CA90;
			remoteInfo = trendingMovies;
		};
		101771F92C7C8E4C0038CA90 /* PBXContainerItemProxy */ = {
			isa = PBXContainerItemProxy;
			containerPortal = 101771D02C7C8E4B0038CA90 /* Project object */;
			proxyType = 1;
			remoteGlobalIDString = 101771D72C7C8E4B0038CA90;
			remoteInfo = trendingMovies;
		};
/* End PBXContainerItemProxy section */

/* Begin PBXFileReference section */
		101771D82C7C8E4B0038CA90 /* trendingMovies.app */ = {isa = PBXFileReference; explicitFileType = wrapper.application; includeInIndex = 0; path = trendingMovies.app; sourceTree = BUILT_PRODUCTS_DIR; };
		101771DB2C7C8E4B0038CA90 /* AppDelegate.swift */ = {isa = PBXFileReference; lastKnownFileType = sourcecode.swift; path = AppDelegate.swift; sourceTree = "<group>"; };
		101771DD2C7C8E4B0038CA90 /* SceneDelegate.swift */ = {isa = PBXFileReference; lastKnownFileType = sourcecode.swift; path = SceneDelegate.swift; sourceTree = "<group>"; };
		101771DF2C7C8E4B0038CA90 /* ViewController.swift */ = {isa = PBXFileReference; lastKnownFileType = sourcecode.swift; path = ViewController.swift; sourceTree = "<group>"; };
		101771E22C7C8E4B0038CA90 /* Base */ = {isa = PBXFileReference; lastKnownFileType = file.storyboard; name = Base; path = Base.lproj/Main.storyboard; sourceTree = "<group>"; };
		101771E42C7C8E4C0038CA90 /* Assets.xcassets */ = {isa = PBXFileReference; lastKnownFileType = folder.assetcatalog; path = Assets.xcassets; sourceTree = "<group>"; };
		101771E72C7C8E4C0038CA90 /* Base */ = {isa = PBXFileReference; lastKnownFileType = file.storyboard; name = Base; path = Base.lproj/LaunchScreen.storyboard; sourceTree = "<group>"; };
		101771E92C7C8E4C0038CA90 /* Info.plist */ = {isa = PBXFileReference; lastKnownFileType = text.plist.xml; path = Info.plist; sourceTree = "<group>"; };
		101771EE2C7C8E4C0038CA90 /* trendingMoviesTests.xctest */ = {isa = PBXFileReference; explicitFileType = wrapper.cfbundle; includeInIndex = 0; path = trendingMoviesTests.xctest; sourceTree = BUILT_PRODUCTS_DIR; };
		101771F22C7C8E4C0038CA90 /* trendingMoviesTests.swift */ = {isa = PBXFileReference; lastKnownFileType = sourcecode.swift; path = trendingMoviesTests.swift; sourceTree = "<group>"; };
		101771F82C7C8E4C0038CA90 /* trendingMoviesUITests.xctest */ = {isa = PBXFileReference; explicitFileType = wrapper.cfbundle; includeInIndex = 0; path = trendingMoviesUITests.xctest; sourceTree = BUILT_PRODUCTS_DIR; };
		101771FC2C7C8E4C0038CA90 /* trendingMoviesUITests.swift */ = {isa = PBXFileReference; lastKnownFileType = sourcecode.swift; path = trendingMoviesUITests.swift; sourceTree = "<group>"; };
		101771FE2C7C8E4C0038CA90 /* trendingMoviesUITestsLaunchTests.swift */ = {isa = PBXFileReference; lastKnownFileType = sourcecode.swift; path = trendingMoviesUITestsLaunchTests.swift; sourceTree = "<group>"; };
/* End PBXFileReference section */

/* Begin PBXFrameworksBuildPhase section */
		101771D52C7C8E4B0038CA90 /* Frameworks */ = {
			isa = PBXFrameworksBuildPhase;
			buildActionMask = 2147483647;
			files = (
			);
			runOnlyForDeploymentPostprocessing = 0;
		};
		101771EB2C7C8E4C0038CA90 /* Frameworks */ = {
			isa = PBXFrameworksBuildPhase;
			buildActionMask = 2147483647;
			files = (
			);
			runOnlyForDeploymentPostprocessing = 0;
		};
		101771F52C7C8E4C0038CA90 /* Frameworks */ = {
			isa = PBXFrameworksBuildPhase;
			buildActionMask = 2147483647;
			files = (
			);
			runOnlyForDeploymentPostprocessing = 0;
		};
/* End PBXFrameworksBuildPhase section */

/* Begin PBXGroup section */
		101771CF2C7C8E4B0038CA90 = {
			isa = PBXGroup;
			children = (
				101771DA2C7C8E4B0038CA90 /* trendingMovies */,
				101771F12C7C8E4C0038CA90 /* trendingMoviesTests */,
				101771FB2C7C8E4C0038CA90 /* trendingMoviesUITests */,
				101771D92C7C8E4B0038CA90 /* Products */,
			);
			sourceTree = "<group>";
		};
		101771D92C7C8E4B0038CA90 /* Products */ = {
			isa = PBXGroup;
			children = (
				101771D82C7C8E4B0038CA90 /* trendingMovies.app */,
				101771EE2C7C8E4C0038CA90 /* trendingMoviesTests.xctest */,
				101771F82C7C8E4C0038CA90 /* trendingMoviesUITests.xctest */,
			);
			name = Products;
			sourceTree = "<group>";
		};
		101771DA2C7C8E4B0038CA90 /* trendingMovies */ = {
			isa = PBXGroup;
			children = (
				101771DB2C7C8E4B0038CA90 /* AppDelegate.swift */,
				101771DD2C7C8E4B0038CA90 /* SceneDelegate.swift */,
				101771DF2C7C8E4B0038CA90 /* ViewController.swift */,
				101771E12C7C8E4B0038CA90 /* Main.storyboard */,
				101771E42C7C8E4C0038CA90 /* Assets.xcassets */,
				101771E62C7C8E4C0038CA90 /* LaunchScreen.storyboard */,
				101771E92C7C8E4C0038CA90 /* Info.plist */,
			);
			path = trendingMovies;
			sourceTree = "<group>";
		};
		101771F12C7C8E4C0038CA90 /* trendingMoviesTests */ = {
			isa = PBXGroup;
			children = (
				101771F22C7C8E4C0038CA90 /* trendingMoviesTests.swift */,
			);
			path = trendingMoviesTests;
			sourceTree = "<group>";
		};
		101771FB2C7C8E4C0038CA90 /* trendingMoviesUITests */ = {
			isa = PBXGroup;
			children = (
				101771FC2C7C8E4C0038CA90 /* trendingMoviesUITests.swift */,
				101771FE2C7C8E4C0038CA90 /* trendingMoviesUITestsLaunchTests.swift */,
			);
			path = trendingMoviesUITests;
			sourceTree = "<group>";
		};
/* End PBXGroup section */

/* Begin PBXNativeTarget section */
		101771D72C7C8E4B0038CA90 /* trendingMovies */ = {
			isa = PBXNativeTarget;
			buildConfigurationList = 101772022C7C8E4C0038CA90 /* Build configuration list for PBXNativeTarget "trendingMovies" */;
			buildPhases = (
				101771D42C7C8E4B0038CA90 /* Sources */,
				101771D52C7C8E4B0038CA90 /* Frameworks */,
				101771D62C7C8E4B0038CA90 /* Resources */,
			);
			buildRules = (
			);
			dependencies = (
			);
			name = trendingMovies;
			productName = trendingMovies;
			productReference = 101771D82C7C8E4B0038CA90 /* trendingMovies.app */;
			productType = "com.apple.product-type.application";
		};
		101771ED2C7C8E4C0038CA90 /* trendingMoviesTests */ = {
			isa = PBXNativeTarget;
			buildConfigurationList = 101772052C7C8E4C0038CA90 /* Build configuration list for PBXNativeTarget "trendingMoviesTests" */;
			buildPhases = (
				101771EA2C7C8E4C0038CA90 /* Sources */,
				101771EB2C7C8E4C0038CA90 /* Frameworks */,
				101771EC2C7C8E4C0038CA90 /* Resources */,
			);
			buildRules = (
			);
			dependencies = (
				101771F02C7C8E4C0038CA90 /* PBXTargetDependency */,
			);
			name = trendingMoviesTests;
			productName = trendingMoviesTests;
			productReference = 101771EE2C7C8E4C0038CA90 /* trendingMoviesTests.xctest */;
			productType = "com.apple.product-type.bundle.unit-test";
		};
		101771F72C7C8E4C0038CA90 /* trendingMoviesUITests */ = {
			isa = PBXNativeTarget;
			buildConfigurationList = 101772082C7C8E4C0038CA90 /* Build configuration list for PBXNativeTarget "trendingMoviesUITests" */;
			buildPhases = (
				101771F42C7C8E4C0038CA90 /* Sources */,
				101771F52C7C8E4C0038CA90 /* Frameworks */,
				101771F62C7C8E4C0038CA90 /* Resources */,
			);
			buildRules = (
			);
			dependencies = (
				101771FA2C7C8E4C0038CA90 /* PBXTargetDependency */,
			);
			name = trendingMoviesUITests;
			productName = trendingMoviesUITests;
			productReference = 101771F82C7C8E4C0038CA90 /* trendingMoviesUITests.xctest */;
			productType = "com.apple.product-type.bundle.ui-testing";
		};
/* End PBXNativeTarget section */

/* Begin PBXProject section */
		101771D02C7C8E4B0038CA90 /* Project object */ = {
			isa = PBXProject;
			attributes = {
				BuildIndependentTargetsInParallel = 1;
				LastSwiftUpdateCheck = 1500;
				LastUpgradeCheck = 1500;
				TargetAttributes = {
					101771D72C7C8E4B0038CA90 = {
						CreatedOnToolsVersion = 15.0;
					};
					101771ED2C7C8E4C0038CA90 = {
						CreatedOnToolsVersion = 15.0;
						TestTargetID = 101771D72C7C8E4B0038CA90;
					};
					101771F72C7C8E4C0038CA90 = {
						CreatedOnToolsVersion = 15.0;
						TestTargetID = 101771D72C7C8E4B0038CA90;
					};
				};
			};
			buildConfigurationList = 101771D32C7C8E4B0038CA90 /* Build configuration list for PBXProject "trendingMovies" */;
			compatibilityVersion = "Xcode 14.0";
			developmentRegion = en;
			hasScannedForEncodings = 0;
			knownRegions = (
				en,
				Base,
			);
			mainGroup = 101771CF2C7C8E4B0038CA90;
			productRefGroup = 101771D92C7C8E4B0038CA90 /* Products */;
			projectDirPath = "";
			projectRoot = "";
			targets = (
				101771D72C7C8E4B0038CA90 /* trendingMovies */,
				101771ED2C7C8E4C0038CA90 /* trendingMoviesTests */,
				101771F72C7C8E4C0038CA90 /* trendingMoviesUITests */,
			);
		};
/* End PBXProject section */

/* Begin PBXResourcesBuildPhase section */
		101771D62C7C8E4B0038CA90 /* Resources */ = {
			isa = PBXResourcesBuildPhase;
			buildActionMask = 2147483647;
			files = (
				101771E82C7C8E4C0038CA90 /* LaunchScreen.storyboard in Resources */,
				101771E52C7C8E4C0038CA90 /* Assets.xcassets in Resources */,
				101771E32C7C8E4B0038CA90 /* Main.storyboard in Resources */,
			);
			runOnlyForDeploymentPostprocessing = 0;
		};
		101771EC2C7C8E4C0038CA90 /* Resources */ = {
			isa = PBXResourcesBuildPhase;
			buildActionMask = 2147483647;
			files = (
			);
			runOnlyForDeploymentPostprocessing = 0;
		};
		101771F62C7C8E4C0038CA90 /* Resources */ = {
			isa = PBXResourcesBuildPhase;
			buildActionMask = 2147483647;
			files = (
			);
			runOnlyForDeploymentPostprocessing = 0;
		};
/* End PBXResourcesBuildPhase section */

/* Begin PBXSourcesBuildPhase section */
		101771D42C7C8E4B0038CA90 /* Sources */ = {
			isa = PBXSourcesBuildPhase;
			buildActionMask = 2147483647;
			files = (
				101771E02C7C8E4B0038CA90 /* ViewController.swift in Sources */,
				101771DC2C7C8E4B0038CA90 /* AppDelegate.swift in Sources */,
				101771DE2C7C8E4B0038CA90 /* SceneDelegate.swift in Sources */,
			);
			runOnlyForDeploymentPostprocessing = 0;
		};
		101771EA2C7C8E4C0038CA90 /* Sources */ = {
			isa = PBXSourcesBuildPhase;
			buildActionMask = 2147483647;
			files = (
				101771F32C7C8E4C0038CA90 /* trendingMoviesTests.swift in Sources */,
			);
			runOnlyForDeploymentPostprocessing = 0;
		};
		101771F42C7C8E4C0038CA90 /* Sources */ = {
			isa = PBXSourcesBuildPhase;
			buildActionMask = 2147483647;
			files = (
				101771FF2C7C8E4C0038CA90 /* trendingMoviesUITestsLaunchTests.swift in Sources */,
				101771FD2C7C8E4C0038CA90 /* trendingMoviesUITests.swift in Sources */,
			);
			runOnlyForDeploymentPostprocessing = 0;
		};
/* End PBXSourcesBuildPhase section */

/* Begin PBXTargetDependency section */
		101771F02C7C8E4C0038CA90 /* PBXTargetDependency */ = {
			isa = PBXTargetDependency;
			target = 101771D72C7C8E4B0038CA90 /* trendingMovies */;
			targetProxy = 101771EF2C7C8E4C0038CA90 /* PBXContainerItemProxy */;
		};
		101771FA2C7C8E4C0038CA90 /* PBXTargetDependency */ = {
			isa = PBXTargetDependency;
			target = 101771D72C7C8E4B0038CA90 /* trendingMovies */;
			targetProxy = 101771F92C7C8E4C0038CA90 /* PBXContainerItemProxy */;
		};
/* End PBXTargetDependency section */

/* Begin PBXVariantGroup section */
		101771E12C7C8E4B0038CA90 /* Main.storyboard */ = {
			isa = PBXVariantGroup;
			children = (
				101771E22C7C8E4B0038CA90 /* Base */,
			);
			name = Main.storyboard;
			sourceTree = "<group>";
		};
		101771E62C7C8E4C0038CA90 /* LaunchScreen.storyboard */ = {
			isa = PBXVariantGroup;
			children = (
				101771E72C7C8E4C0038CA90 /* Base */,
			);
			name = LaunchScreen.storyboard;
			sourceTree = "<group>";
		};
/* End PBXVariantGroup section */

/* Begin XCBuildConfiguration section */
		101772002C7C8E4C0038CA90 /* Debug */ = {
			isa = XCBuildConfiguration;
			buildSettings = {
				ALWAYS_SEARCH_USER_PATHS = NO;
				ASSETCATALOG_COMPILER_GENERATE_SWIFT_ASSET_SYMBOL_EXTENSIONS = YES;
				CLANG_ANALYZER_NONNULL = YES;
				CLANG_ANALYZER_NUMBER_OBJECT_CONVERSION = YES_AGGRESSIVE;
				CLANG_CXX_LANGUAGE_STANDARD = "gnu++20";
				CLANG_ENABLE_MODULES = YES;
				CLANG_ENABLE_OBJC_ARC = YES;
				CLANG_ENABLE_OBJC_WEAK = YES;
				CLANG_WARN_BLOCK_CAPTURE_AUTORELEASING = YES;
				CLANG_WARN_BOOL_CONVERSION = YES;
				CLANG_WARN_COMMA = YES;
				CLANG_WARN_CONSTANT_CONVERSION = YES;
				CLANG_WARN_DEPRECATED_OBJC_IMPLEMENTATIONS = YES;
				CLANG_WARN_DIRECT_OBJC_ISA_USAGE = YES_ERROR;
				CLANG_WARN_DOCUMENTATION_COMMENTS = YES;
				CLANG_WARN_EMPTY_BODY = YES;
				CLANG_WARN_ENUM_CONVERSION = YES;
				CLANG_WARN_INFINITE_RECURSION = YES;
				CLANG_WARN_INT_CONVERSION = YES;
				CLANG_WARN_NON_LITERAL_NULL_CONVERSION = YES;
				CLANG_WARN_OBJC_IMPLICIT_RETAIN_SELF = YES;
				CLANG_WARN_OBJC_LITERAL_CONVERSION = YES;
				CLANG_WARN_OBJC_ROOT_CLASS = YES_ERROR;
				CLANG_WARN_QUOTED_INCLUDE_IN_FRAMEWORK_HEADER = YES;
				CLANG_WARN_RANGE_LOOP_ANALYSIS = YES;
				CLANG_WARN_STRICT_PROTOTYPES = YES;
				CLANG_WARN_SUSPICIOUS_MOVE = YES;
				CLANG_WARN_UNGUARDED_AVAILABILITY = YES_AGGRESSIVE;
				CLANG_WARN_UNREACHABLE_CODE = YES;
				CLANG_WARN__DUPLICATE_METHOD_MATCH = YES;
				COPY_PHASE_STRIP = NO;
				DEBUG_INFORMATION_FORMAT = dwarf;
				ENABLE_STRICT_OBJC_MSGSEND = YES;
				ENABLE_TESTABILITY = YES;
				ENABLE_USER_SCRIPT_SANDBOXING = YES;
				GCC_C_LANGUAGE_STANDARD = gnu17;
				GCC_DYNAMIC_NO_PIC = NO;
				GCC_NO_COMMON_BLOCKS = YES;
				GCC_OPTIMIZATION_LEVEL = 0;
				GCC_PREPROCESSOR_DEFINITIONS = (
					"DEBUG=1",
					"$(inherited)",
				);
				GCC_WARN_64_TO_32_BIT_CONVERSION = YES;
				GCC_WARN_ABOUT_RETURN_TYPE = YES_ERROR;
				GCC_WARN_UNDECLARED_SELECTOR = YES;
				GCC_WARN_UNINITIALIZED_AUTOS = YES_AGGRESSIVE;
				GCC_WARN_UNUSED_FUNCTION = YES;
				GCC_WARN_UNUSED_VARIABLE = YES;
				IPHONEOS_DEPLOYMENT_TARGET = 17.0;
				LOCALIZATION_PREFERS_STRING_CATALOGS = YES;
				MTL_ENABLE_DEBUG_INFO = INCLUDE_SOURCE;
				MTL_FAST_MATH = YES;
				ONLY_ACTIVE_ARCH = YES;
				SDKROOT = iphoneos;
				SWIFT_ACTIVE_COMPILATION_CONDITIONS = "DEBUG $(inherited)";
				SWIFT_OPTIMIZATION_LEVEL = "-Onone";
			};
			name = Debug;
		};
		101772012C7C8E4C0038CA90 /* Release */ = {
			isa = XCBuildConfiguration;
			buildSettings = {
				ALWAYS_SEARCH_USER_PATHS = NO;
				ASSETCATALOG_COMPILER_GENERATE_SWIFT_ASSET_SYMBOL_EXTENSIONS = YES;
				CLANG_ANALYZER_NONNULL = YES;
				CLANG_ANALYZER_NUMBER_OBJECT_CONVERSION = YES_AGGRESSIVE;
				CLANG_CXX_LANGUAGE_STANDARD = "gnu++20";
				CLANG_ENABLE_MODULES = YES;
				CLANG_ENABLE_OBJC_ARC = YES;
				CLANG_ENABLE_OBJC_WEAK = YES;
				CLANG_WARN_BLOCK_CAPTURE_AUTORELEASING = YES;
				CLANG_WARN_BOOL_CONVERSION = YES;
				CLANG_WARN_COMMA = YES;
				CLANG_WARN_CONSTANT_CONVERSION = YES;
				CLANG_WARN_DEPRECATED_OBJC_IMPLEMENTATIONS = YES;
				CLANG_WARN_DIRECT_OBJC_ISA_USAGE = YES_ERROR;
				CLANG_WARN_DOCUMENTATION_COMMENTS = YES;
				CLANG_WARN_EMPTY_BODY = YES;
				CLANG_WARN_ENUM_CONVERSION = YES;
				CLANG_WARN_INFINITE_RECURSION = YES;
				CLANG_WARN_INT_CONVERSION = YES;
				CLANG_WARN_NON_LITERAL_NULL_CONVERSION = YES;
				CLANG_WARN_OBJC_IMPLICIT_RETAIN_SELF = YES;
				CLANG_WARN_OBJC_LITERAL_CONVERSION = YES;
				CLANG_WARN_OBJC_ROOT_CLASS = YES_ERROR;
				CLANG_WARN_QUOTED_INCLUDE_IN_FRAMEWORK_HEADER = YES;
				CLANG_WARN_RANGE_LOOP_ANALYSIS = YES;
				CLANG_WARN_STRICT_PROTOTYPES = YES;
				CLANG_WARN_SUSPICIOUS_MOVE = YES;
				CLANG_WARN_UNGUARDED_AVAILABILITY = YES_AGGRESSIVE;
				CLANG_WARN_UNREACHABLE_CODE = YES;
				CLANG_WARN__DUPLICATE_METHOD_MATCH = YES;
				COPY_PHASE_STRIP = NO;
				DEBUG_INFORMATION_FORMAT = "dwarf-with-dsym";
				ENABLE_NS_ASSERTIONS = NO;
				ENABLE_STRICT_OBJC_MSGSEND = YES;
				ENABLE_USER_SCRIPT_SANDBOXING = YES;
				GCC_C_LANGUAGE_STANDARD = gnu17;
				GCC_NO_COMMON_BLOCKS = YES;
				GCC_WARN_64_TO_32_BIT_CONVERSION = YES;
				GCC_WARN_ABOUT_RETURN_TYPE = YES_ERROR;
				GCC_WARN_UNDECLARED_SELECTOR = YES;
				GCC_WARN_UNINITIALIZED_AUTOS = YES_AGGRESSIVE;
				GCC_WARN_UNUSED_FUNCTION = YES;
				GCC_WARN_UNUSED_VARIABLE = YES;
				IPHONEOS_DEPLOYMENT_TARGET = 17.0;
				LOCALIZATION_PREFERS_STRING_CATALOGS = YES;
				MTL_ENABLE_DEBUG_INFO = NO;
				MTL_FAST_MATH = YES;
				SDKROOT = iphoneos;
				SWIFT_COMPILATION_MODE = wholemodule;
				VALIDATE_PRODUCT = YES;
			};
			name = Release;
		};
		101772032C7C8E4C0038CA90 /* Debug */ = {
			isa = XCBuildConfiguration;
			buildSettings = {
				ASSETCATALOG_COMPILER_APPICON_NAME = AppIcon;
				ASSETCATALOG_COMPILER_GLOBAL_ACCENT_COLOR_NAME = AccentColor;
				CODE_SIGN_STYLE = Automatic;
				CURRENT_PROJECT_VERSION = 1;
				GENERATE_INFOPLIST_FILE = YES;
				INFOPLIST_FILE = trendingMovies/Info.plist;
				INFOPLIST_KEY_UIApplicationSupportsIndirectInputEvents = YES;
				INFOPLIST_KEY_UILaunchStoryboardName = LaunchScreen;
				INFOPLIST_KEY_UIMainStoryboardFile = Main;
				INFOPLIST_KEY_UISupportedInterfaceOrientations_iPad = "UIInterfaceOrientationPortrait UIInterfaceOrientationPortraitUpsideDown UIInterfaceOrientationLandscapeLeft UIInterfaceOrientationLandscapeRight";
				INFOPLIST_KEY_UISupportedInterfaceOrientations_iPhone = "UIInterfaceOrientationPortrait UIInterfaceOrientationLandscapeLeft UIInterfaceOrientationLandscapeRight";
				LD_RUNPATH_SEARCH_PATHS = (
					"$(inherited)",
					"@executable_path/Frameworks",
				);
				MARKETING_VERSION = 1.0;
				PRODUCT_BUNDLE_IDENTIFIER = testXcode.trendingMovies;
				PRODUCT_NAME = "$(TARGET_NAME)";
				SWIFT_EMIT_LOC_STRINGS = YES;
				SWIFT_VERSION = 5.0;
				TARGETED_DEVICE_FAMILY = "1,2";
			};
			name = Debug;
		};
		101772042C7C8E4C0038CA90 /* Release */ = {
			isa = XCBuildConfiguration;
			buildSettings = {
				ASSETCATALOG_COMPILER_APPICON_NAME = AppIcon;
				ASSETCATALOG_COMPILER_GLOBAL_ACCENT_COLOR_NAME = AccentColor;
				CODE_SIGN_STYLE = Automatic;
				CURRENT_PROJECT_VERSION = 1;
				GENERATE_INFOPLIST_FILE = YES;
				INFOPLIST_FILE = trendingMovies/Info.plist;
				INFOPLIST_KEY_UIApplicationSupportsIndirectInputEvents = YES;
				INFOPLIST_KEY_UILaunchStoryboardName = LaunchScreen;
				INFOPLIST_KEY_UIMainStoryboardFile = Main;
				INFOPLIST_KEY_UISupportedInterfaceOrientations_iPad = "UIInterfaceOrientationPortrait UIInterfaceOrientationPortraitUpsideDown UIInterfaceOrientationLandscapeLeft UIInterfaceOrientationLandscapeRight";
				INFOPLIST_KEY_UISupportedInterfaceOrientations_iPhone = "UIInterfaceOrientationPortrait UIInterfaceOrientationLandscapeLeft UIInterfaceOrientationLandscapeRight";
				LD_RUNPATH_SEARCH_PATHS = (
					"$(inherited)",
					"@executable_path/Frameworks",
				);
				MARKETING_VERSION = 1.0;
				PRODUCT_BUNDLE_IDENTIFIER = testXcode.trendingMovies;
				PRODUCT_NAME = "$(TARGET_NAME)";
				SWIFT_EMIT_LOC_STRINGS = YES;
				SWIFT_VERSION = 5.0;
				TARGETED_DEVICE_FAMILY = "1,2";
			};
			name = Release;
		};
		101772062C7C8E4C0038CA90 /* Debug */ = {
			isa = XCBuildConfiguration;
			buildSettings = {
				ALWAYS_EMBED_SWIFT_STANDARD_LIBRARIES = YES;
				BUNDLE_LOADER = "$(TEST_HOST)";
				CODE_SIGN_STYLE = Automatic;
				CURRENT_PROJECT_VERSION = 1;
				GENERATE_INFOPLIST_FILE = YES;
				IPHONEOS_DEPLOYMENT_TARGET = 17.0;
				MARKETING_VERSION = 1.0;
				PRODUCT_BUNDLE_IDENTIFIER = testXcode.trendingMoviesTests;
				PRODUCT_NAME = "$(TARGET_NAME)";
				SWIFT_EMIT_LOC_STRINGS = NO;
				SWIFT_VERSION = 5.0;
				TARGETED_DEVICE_FAMILY = "1,2";
				TEST_HOST = "$(BUILT_PRODUCTS_DIR)/trendingMovies.app/$(BUNDLE_EXECUTABLE_FOLDER_PATH)/trendingMovies";
			};
			name = Debug;
		};
		101772072C7C8E4C0038CA90 /* Release */ = {
			isa = XCBuildConfiguration;
			buildSettings = {
				ALWAYS_EMBED_SWIFT_STANDARD_LIBRARIES = YES;
				BUNDLE_LOADER = "$(TEST_HOST)";
				CODE_SIGN_STYLE = Automatic;
				CURRENT_PROJECT_VERSION = 1;
				GENERATE_INFOPLIST_FILE = YES;
				IPHONEOS_DEPLOYMENT_TARGET = 17.0;
				MARKETING_VERSION = 1.0;
				PRODUCT_BUNDLE_IDENTIFIER = testXcode.trendingMoviesTests;
				PRODUCT_NAME = "$(TARGET_NAME)";
				SWIFT_EMIT_LOC_STRINGS = NO;
				SWIFT_VERSION = 5.0;
				TARGETED_DEVICE_FAMILY = "1,2";
				TEST_HOST = "$(BUILT_PRODUCTS_DIR)/trendingMovies.app/$(BUNDLE_EXECUTABLE_FOLDER_PATH)/trendingMovies";
			};
			name = Release;
		};
		101772092C7C8E4C0038CA90 /* Debug */ = {
			isa = XCBuildConfiguration;
			buildSettings = {
				ALWAYS_EMBED_SWIFT_STANDARD_LIBRARIES = YES;
				CODE_SIGN_STYLE = Automatic;
				CURRENT_PROJECT_VERSION = 1;
				GENERATE_INFOPLIST_FILE = YES;
				MARKETING_VERSION = 1.0;
				PRODUCT_BUNDLE_IDENTIFIER = testXcode.trendingMoviesUITests;
				PRODUCT_NAME = "$(TARGET_NAME)";
				SWIFT_EMIT_LOC_STRINGS = NO;
				SWIFT_VERSION = 5.0;
				TARGETED_DEVICE_FAMILY = "1,2";
				TEST_TARGET_NAME = trendingMovies;
			};
			name = Debug;
		};
		1017720A2C7C8E4C0038CA90 /* Release */ = {
			isa = XCBuildConfiguration;
			buildSettings = {
				ALWAYS_EMBED_SWIFT_STANDARD_LIBRARIES = YES;
				CODE_SIGN_STYLE = Automatic;
				CURRENT_PROJECT_VERSION = 1;
				GENERATE_INFOPLIST_FILE = YES;
				MARKETING_VERSION = 1.0;
				PRODUCT_BUNDLE_IDENTIFIER = testXcode.trendingMoviesUITests;
				PRODUCT_NAME = "$(TARGET_NAME)";
				SWIFT_EMIT_LOC_STRINGS = NO;
				SWIFT_VERSION = 5.0;
				TARGETED_DEVICE_FAMILY = "1,2";
				TEST_TARGET_NAME = trendingMovies;
			};
			name = Release;
		};
/* End XCBuildConfiguration section */

/* Begin XCConfigurationList section */
		101771D32C7C8E4B0038CA90 /* Build configuration list for PBXProject "trendingMovies" */ = {
			isa = XCConfigurationList;
			buildConfigurations = (
				101772002C7C8E4C0038CA90 /* Debug */,
				101772012C7C8E4C0038CA90 /* Release */,
			);
			defaultConfigurationIsVisible = 0;
			defaultConfigurationName = Release;
		};
		101772022C7C8E4C0038CA90 /* Build configuration list for PBXNativeTarget "trendingMovies" */ = {
			isa = XCConfigurationList;
			buildConfigurations = (
				101772032C7C8E4C0038CA90 /* Debug */,
				101772042C7C8E4C0038CA90 /* Release */,
			);
			defaultConfigurationIsVisible = 0;
			defaultConfigurationName = Release;
		};
		101772052C7C8E4C0038CA90 /* Build configuration list for PBXNativeTarget "trendingMoviesTests" */ = {
			isa = XCConfigurationList;
			buildConfigurations = (
				101772062C7C8E4C0038CA90 /* Debug */,
				101772072C7C8E4C0038CA90 /* Release */,
			);
			defaultConfigurationIsVisible = 0;
			defaultConfigurationName = Release;
		};
		101772082C7C8E4C0038CA90 /* Build configuration list for PBXNativeTarget "trendingMoviesUITests" */ = {
			isa = XCConfigurationList;
			buildConfigurations = (
				101772092C7C8E4C0038CA90 /* Debug */,
				1017720A2C7C8E4C0038CA90 /* Release */,
			);
			defaultConfigurationIsVisible = 0;
			defaultConfigurationName = Release;
		};
/* End XCConfigurationList section */
	};
	rootObject = 101771D02C7C8E4B0038CA90 /* Project object */;
}
